
Microsoft Visual Studio Solution File, Format Version 12.00
# Visual Studio Version 17
VisualStudioVersion = 17.0.32014.148
MinimumVisualStudioVersion = 10.0.40219.1
Project("{2150E333-8FDC-42A3-9474-1A3956D46DE8}") = "src", "src", "{DB2434B9-D331-41E2-8FBC-203F790EC976}"
EndProject
Project("{2150E333-8FDC-42A3-9474-1A3956D46DE8}") = "TestResults", "TestResults", "{32BF97D8-5E45-4A70-B74B-31CA8FC79FB9}"
EndProject
Project("{2150E333-8FDC-42A3-9474-1A3956D46DE8}") = "Tests", "Tests", "{39805DD7-3BCF-4421-A7CE-9EA291D2F2D1}"
EndProject
Project("{9A19103F-16F7-4668-BE54-9A1E7A4F7556}") = "Inventory.Tests.E2E", "Tests\Inventory.Tests.E2E\Inventory.Tests.E2E.csproj", "{D116665F-5AD4-4FEC-A46F-FD975ABBE9C4}"
EndProject
Project("{9A19103F-16F7-4668-BE54-9A1E7A4F7556}") = "Inventory.Domain.Tests.Unit", "Tests\Inventory.Domain.Tests.Unit\Inventory.Domain.Tests.Unit.csproj", "{FE96EE10-747A-4D9D-AA29-325916D132A5}"
EndProject
Project("{9A19103F-16F7-4668-BE54-9A1E7A4F7556}") = "Inventory.Domain", "src\Inventory.Domain\Inventory.Domain.csproj", "{77B654DF-751F-48A8-8FD4-F9C86A763704}"
EndProject
Project("{9A19103F-16F7-4668-BE54-9A1E7A4F7556}") = "InventoryApplication.Tests.Unit", "Tests\InventoryApplication.Tests.Unit\InventoryApplication.Tests.Unit.csproj", "{98E5EA97-761D-47C0-837C-9D01B9D1C628}"
EndProject
Project("{9A19103F-16F7-4668-BE54-9A1E7A4F7556}") = "Inventory.Application", "src\Inventory.Application\Inventory.Application.csproj", "{BDB2C85D-A0AA-40EC-AA73-78CBD00A6A9B}"
EndProject
Project("{9A19103F-16F7-4668-BE54-9A1E7A4F7556}") = "Inventory.Application.Contract", "src\Inventory.Application.Contract\Inventory.Application.Contract.csproj", "{09634778-DC50-4064-994D-E1AD653BDAEC}"
EndProject
Project("{9A19103F-16F7-4668-BE54-9A1E7A4F7556}") = "Inventory.Presentation.Tests.Unit", "Tests\Inventory.Presentation.Tests.Unit\Inventory.Presentation.Tests.Unit.csproj", "{F2ED2DAC-A5DE-4DC7-81B3-B5258BC9C019}"
EndProject
Project("{9A19103F-16F7-4668-BE54-9A1E7A4F7556}") = "Inventory.Presentation", "src\Inventory.Presentation\Inventory.Presentation.csproj", "{54A5E9D0-E0C8-4025-BE42-D9F6CA893783}"
EndProject
Project("{FAE04EC0-301F-11D3-BF4B-00C04F79EFBC}") = "Inventory.Infrastructure", "src\Inventory.Infrastructure\Inventory.Infrastructure.csproj", "{E6F7B93E-A49A-4000-8D62-E0935B7B18A0}"
EndProject
Global
	GlobalSection(SolutionConfigurationPlatforms) = preSolution
		Debug|Any CPU = Debug|Any CPU
		Release|Any CPU = Release|Any CPU
	EndGlobalSection
	GlobalSection(ProjectConfigurationPlatforms) = postSolution
		{D116665F-5AD4-4FEC-A46F-FD975ABBE9C4}.Debug|Any CPU.ActiveCfg = Debug|Any CPU
		{D116665F-5AD4-4FEC-A46F-FD975ABBE9C4}.Debug|Any CPU.Build.0 = Debug|Any CPU
		{D116665F-5AD4-4FEC-A46F-FD975ABBE9C4}.Release|Any CPU.ActiveCfg = Release|Any CPU
		{D116665F-5AD4-4FEC-A46F-FD975ABBE9C4}.Release|Any CPU.Build.0 = Release|Any CPU
		{FE96EE10-747A-4D9D-AA29-325916D132A5}.Debug|Any CPU.ActiveCfg = Debug|Any CPU
		{FE96EE10-747A-4D9D-AA29-325916D132A5}.Debug|Any CPU.Build.0 = Debug|Any CPU
		{FE96EE10-747A-4D9D-AA29-325916D132A5}.Release|Any CPU.ActiveCfg = Release|Any CPU
		{FE96EE10-747A-4D9D-AA29-325916D132A5}.Release|Any CPU.Build.0 = Release|Any CPU
		{77B654DF-751F-48A8-8FD4-F9C86A763704}.Debug|Any CPU.ActiveCfg = Debug|Any CPU
		{77B654DF-751F-48A8-8FD4-F9C86A763704}.Debug|Any CPU.Build.0 = Debug|Any CPU
		{77B654DF-751F-48A8-8FD4-F9C86A763704}.Release|Any CPU.ActiveCfg = Release|Any CPU
		{77B654DF-751F-48A8-8FD4-F9C86A763704}.Release|Any CPU.Build.0 = Release|Any CPU
		{98E5EA97-761D-47C0-837C-9D01B9D1C628}.Debug|Any CPU.ActiveCfg = Debug|Any CPU
		{98E5EA97-761D-47C0-837C-9D01B9D1C628}.Debug|Any CPU.Build.0 = Debug|Any CPU
		{98E5EA97-761D-47C0-837C-9D01B9D1C628}.Release|Any CPU.ActiveCfg = Release|Any CPU
		{98E5EA97-761D-47C0-837C-9D01B9D1C628}.Release|Any CPU.Build.0 = Release|Any CPU
		{BDB2C85D-A0AA-40EC-AA73-78CBD00A6A9B}.Debug|Any CPU.ActiveCfg = Debug|Any CPU
		{BDB2C85D-A0AA-40EC-AA73-78CBD00A6A9B}.Debug|Any CPU.Build.0 = Debug|Any CPU
		{BDB2C85D-A0AA-40EC-AA73-78CBD00A6A9B}.Release|Any CPU.ActiveCfg = Release|Any CPU
		{BDB2C85D-A0AA-40EC-AA73-78CBD00A6A9B}.Release|Any CPU.Build.0 = Release|Any CPU
		{09634778-DC50-4064-994D-E1AD653BDAEC}.Debug|Any CPU.ActiveCfg = Debug|Any CPU
		{09634778-DC50-4064-994D-E1AD653BDAEC}.Debug|Any CPU.Build.0 = Debug|Any CPU
		{09634778-DC50-4064-994D-E1AD653BDAEC}.Release|Any CPU.ActiveCfg = Release|Any CPU
		{09634778-DC50-4064-994D-E1AD653BDAEC}.Release|Any CPU.Build.0 = Release|Any CPU
		{F2ED2DAC-A5DE-4DC7-81B3-B5258BC9C019}.Debug|Any CPU.ActiveCfg = Debug|Any CPU
		{F2ED2DAC-A5DE-4DC7-81B3-B5258BC9C019}.Debug|Any CPU.Build.0 = Debug|Any CPU
		{F2ED2DAC-A5DE-4DC7-81B3-B5258BC9C019}.Release|Any CPU.ActiveCfg = Release|Any CPU
		{F2ED2DAC-A5DE-4DC7-81B3-B5258BC9C019}.Release|Any CPU.Build.0 = Release|Any CPU
		{54A5E9D0-E0C8-4025-BE42-D9F6CA893783}.Debug|Any CPU.ActiveCfg = Debug|Any CPU
		{54A5E9D0-E0C8-4025-BE42-D9F6CA893783}.Debug|Any CPU.Build.0 = Debug|Any CPU
		{54A5E9D0-E0C8-4025-BE42-D9F6CA893783}.Release|Any CPU.ActiveCfg = Release|Any CPU
		{54A5E9D0-E0C8-4025-BE42-D9F6CA893783}.Release|Any CPU.Build.0 = Release|Any CPU
		{E6F7B93E-A49A-4000-8D62-E0935B7B18A0}.Debug|Any CPU.ActiveCfg = Debug|Any CPU
		{E6F7B93E-A49A-4000-8D62-E0935B7B18A0}.Debug|Any CPU.Build.0 = Debug|Any CPU
		{E6F7B93E-A49A-4000-8D62-E0935B7B18A0}.Release|Any CPU.ActiveCfg = Release|Any CPU
		{E6F7B93E-A49A-4000-8D62-E0935B7B18A0}.Release|Any CPU.Build.0 = Release|Any CPU
	EndGlobalSection
	GlobalSection(SolutionProperties) = preSolution
		HideSolutionNode = FALSE
	EndGlobalSection
	GlobalSection(NestedProjects) = preSolution
		{D116665F-5AD4-4FEC-A46F-FD975ABBE9C4} = {39805DD7-3BCF-4421-A7CE-9EA291D2F2D1}
		{FE96EE10-747A-4D9D-AA29-325916D132A5} = {39805DD7-3BCF-4421-A7CE-9EA291D2F2D1}
		{77B654DF-751F-48A8-8FD4-F9C86A763704} = {DB2434B9-D331-41E2-8FBC-203F790EC976}
		{98E5EA97-761D-47C0-837C-9D01B9D1C628} = {39805DD7-3BCF-4421-A7CE-9EA291D2F2D1}
		{BDB2C85D-A0AA-40EC-AA73-78CBD00A6A9B} = {DB2434B9-D331-41E2-8FBC-203F790EC976}
		{09634778-DC50-4064-994D-E1AD653BDAEC} = {DB2434B9-D331-41E2-8FBC-203F790EC976}
		{F2ED2DAC-A5DE-4DC7-81B3-B5258BC9C019} = {39805DD7-3BCF-4421-A7CE-9EA291D2F2D1}
		{54A5E9D0-E0C8-4025-BE42-D9F6CA893783} = {DB2434B9-D331-41E2-8FBC-203F790EC976}
		{E6F7B93E-A49A-4000-8D62-E0935B7B18A0} = {DB2434B9-D331-41E2-8FBC-203F790EC976}
	EndGlobalSection
	GlobalSection(ExtensibilityGlobals) = postSolution
		SolutionGuid = {4927BBAE-CD9C-4206-8964-6B376B7B73E4}
	EndGlobalSection
EndGlobal
